
Microsoft Visual Studio Solution File, Format Version 12.00
# Visual Studio Version 17
VisualStudioVersion = 17.5.33414.496
MinimumVisualStudioVersion = 10.0.40219.1
Project("{8BC9CEB8-8B4A-11D0-8D11-00A0C91BC942}") = "Melodii1", "Melodii1\Melodii1.vcxproj", "{5C65068B-FF8B-41D6-A9CA-EC35246A23CF}"
EndProject
Global
	GlobalSection(SolutionConfigurationPlatforms) = preSolution
		Debug|x64 = Debug|x64
		Release|x64 = Release|x64
	EndGlobalSection
	GlobalSection(ProjectConfigurationPlatforms) = postSolution
		{5C65068B-FF8B-41D6-A9CA-EC35246A23CF}.Debug|x64.ActiveCfg = Debug|x64
		{5C65068B-FF8B-41D6-A9CA-EC35246A23CF}.Debug|x64.Build.0 = Debug|x64
		{5C65068B-FF8B-41D6-A9CA-EC35246A23CF}.Release|x64.ActiveCfg = Release|x64
		{5C65068B-FF8B-41D6-A9CA-EC35246A23CF}.Release|x64.Build.0 = Release|x64
	EndGlobalSection
	GlobalSection(SolutionProperties) = preSolution
		HideSolutionNode = FALSE
	EndGlobalSection
	GlobalSection(ExtensibilityGlobals) = postSolution
		SolutionGuid = {F3A79DF4-6EBB-4A9A-8F2F-D05F4F0238EC}
	EndGlobalSection
EndGlobal
